
Microsoft Visual Studio Solution File, Format Version 12.00
# Visual Studio 15
VisualStudioVersion = 15.0.33026.149
MinimumVisualStudioVersion = 10.0.40219.1
Project("{FAE04EC0-301F-11D3-BF4B-00C04F79EFBC}") = "ConsultorioPsicologiaDuane", "ConsultorioPsicologiaDuane\ConsultorioPsicologiaDuane.csproj", "{B1AB6022-463F-429B-8E86-F465A3045D9C}"
EndProject
Global
	GlobalSection(SolutionConfigurationPlatforms) = preSolution
		Debug|Any CPU = Debug|Any CPU
		Release|Any CPU = Release|Any CPU
	EndGlobalSection
	GlobalSection(ProjectConfigurationPlatforms) = postSolution
		{B1AB6022-463F-429B-8E86-F465A3045D9C}.Debug|Any CPU.ActiveCfg = Debug|Any CPU
		{B1AB6022-463F-429B-8E86-F465A3045D9C}.Debug|Any CPU.Build.0 = Debug|Any CPU
		{B1AB6022-463F-429B-8E86-F465A3045D9C}.Release|Any CPU.ActiveCfg = Release|Any CPU
		{B1AB6022-463F-429B-8E86-F465A3045D9C}.Release|Any CPU.Build.0 = Release|Any CPU
	EndGlobalSection
	GlobalSection(SolutionProperties) = preSolution
		HideSolutionNode = FALSE
	EndGlobalSection
	GlobalSection(ExtensibilityGlobals) = postSolution
		SolutionGuid = {BB01D004-1DB2-495B-8528-B2DEAD112ABB}
	EndGlobalSection
EndGlobal
